Microsoft Visual Studio Solution File, Format Version 12.00
# Visual Studio Version 16
VisualStudioVersion = 16.0.31424.327
MinimumVisualStudioVersion = 10.0.40219.1
Project("{9A19103F-16F7-4668-BE54-9A1E7A4F7556}") = "gt-openbve", "gt-openbve.csproj", "{0FDD9926-A610-4D67-B369-4BDA4DFFF541}"
EndProject
Global
	GlobalSection(SolutionConfigurationPlatforms) = preSolution
		Debug|Any CPU = Debug|Any CPU
		ExportDebug|Any CPU = ExportDebug|Any CPU
		ExportRelease|Any CPU = ExportRelease|Any CPU
	EndGlobalSection
	GlobalSection(ProjectConfigurationPlatforms) = postSolution
		{0FDD9926-A610-4D67-B369-4BDA4DFFF541}.Debug|Any CPU.ActiveCfg = Debug|Any CPU
		{0FDD9926-A610-4D67-B369-4BDA4DFFF541}.Debug|Any CPU.Build.0 = Debug|Any CPU
		{0FDD9926-A610-4D67-B369-4BDA4DFFF541}.ExportDebug|Any CPU.ActiveCfg = ExportDebug|Any CPU
		{0FDD9926-A610-4D67-B369-4BDA4DFFF541}.ExportDebug|Any CPU.Build.0 = ExportDebug|Any CPU
		{0FDD9926-A610-4D67-B369-4BDA4DFFF541}.ExportRelease|Any CPU.ActiveCfg = ExportRelease|Any CPU
		{0FDD9926-A610-4D67-B369-4BDA4DFFF541}.ExportRelease|Any CPU.Build.0 = ExportRelease|Any CPU
	EndGlobalSection
	GlobalSection(SolutionProperties) = preSolution
		HideSolutionNode = FALSE
	EndGlobalSection
	GlobalSection(ExtensibilityGlobals) = postSolution
		SolutionGuid = {BDC79E7A-A2F9-4429-B4E5-78A32B729590}
	EndGlobalSection
EndGlobal
